# THIS IS AN AUTOGENERATED FILE. DO NOT EDIT THIS FILE DIRECTLY.
# yarn lockfile v1


shallow-equal-object@^1.1.1:
  version "1.1.1"
  resolved "https://registry.yarnpkg.com/shallow-equal-object/-/shallow-equal-object-1.1.1.tgz#0c016b8cc16dc59ab76739b6eeaa9c99d68beef7"
  integrity sha512-9DDzYRlzCwF2CemeF0aOFk5T5KMrjG7HldcW7utwYhA/limuGHn3No8KhpDE8BrO7GLaSRJumNKReipZBybd7A==
